// !$*UTF8*$!
{
	archiveVersion = 1;
	classes = {
	};
	objectVersion = 50;
	objects = {

/* Begin PBXBuildFile section */
		8D87569A241F6622000DBA40 /* AppDelegate.swift in Sources */ = {isa = PBXBuildFile; fileRef = 8D875699241F6622000DBA40 /* AppDelegate.swift */; };
		8D87569C241F6622000DBA40 /* SceneDelegate.swift in Sources */ = {isa = PBXBuildFile; fileRef = 8D87569B241F6622000DBA40 /* SceneDelegate.swift */; };
		8D87569E241F6622000DBA40 /* ViewController.swift in Sources */ = {isa = PBXBuildFile; fileRef = 8D87569D241F6622000DBA40 /* ViewController.swift */; };
		8D8756A1241F6622000DBA40 /* Main.storyboard in Resources */ = {isa = PBXBuildFile; fileRef = 8D87569F241F6622000DBA40 /* Main.storyboard */; };
		8D8756A3241F6625000DBA40 /* Assets.xcassets in Resources */ = {isa = PBXBuildFile; fileRef = 8D8756A2241F6625000DBA40 /* Assets.xcassets */; };
		8D8756A6241F6625000DBA40 /* LaunchScreen.storyboard in Resources */ = {isa = PBXBuildFile; fileRef = 8D8756A4241F6625000DBA40 /* LaunchScreen.storyboard */; };
		8D8756BD241F66C1000DBA40 /* TicketsListViewControllerTest.swift in Sources */ = {isa = PBXBuildFile; fileRef = 8D8756BC241F66C1000DBA40 /* TicketsListViewControllerTest.swift */; };
		8D8756C0241F68BD000DBA40 /* TicketsListViewController.swift in Sources */ = {isa = PBXBuildFile; fileRef = 8D8756BF241F68BD000DBA40 /* TicketsListViewController.swift */; };
		8D8756C3241F69E8000DBA40 /* Ticket.swift in Sources */ = {isa = PBXBuildFile; fileRef = 8D8756C2241F69E8000DBA40 /* Ticket.swift */; };
		8D8756C5241FE8A1000DBA40 /* Tickets.storyboard in Resources */ = {isa = PBXBuildFile; fileRef = 8D8756C4241FE8A1000DBA40 /* Tickets.storyboard */; };
		8D8756C8241FEF68000DBA40 /* TicketCell.swift in Sources */ = {isa = PBXBuildFile; fileRef = 8D8756C7241FEF68000DBA40 /* TicketCell.swift */; };
		8D8756CB2420D227000DBA40 /* TicketCellTest.swift in Sources */ = {isa = PBXBuildFile; fileRef = 8D8756CA2420D227000DBA40 /* TicketCellTest.swift */; };
		8D8756CD2420D6D8000DBA40 /* Requester.swift in Sources */ = {isa = PBXBuildFile; fileRef = 8D8756CC2420D6D8000DBA40 /* Requester.swift */; };
		8D8756D0242107A6000DBA40 /* Factories.swift in Sources */ = {isa = PBXBuildFile; fileRef = 8D8756CF242107A6000DBA40 /* Factories.swift */; };
		8D8756D324210D48000DBA40 /* Helpers.swift in Sources */ = {isa = PBXBuildFile; fileRef = 8D8756D224210D48000DBA40 /* Helpers.swift */; };
		8DA484A3242279BC00A492EF /* ImageDownloaderMock.swift in Sources */ = {isa = PBXBuildFile; fileRef = 8DA484A2242279BC00A492EF /* ImageDownloaderMock.swift */; };
		8DA484A524227C0D00A492EF /* ImageDownloader.swift in Sources */ = {isa = PBXBuildFile; fileRef = 8DA484A424227C0D00A492EF /* ImageDownloader.swift */; };
		8DA484A72422822B00A492EF /* ImageDownloaderTest.swift in Sources */ = {isa = PBXBuildFile; fileRef = 8DA484A62422822B00A492EF /* ImageDownloaderTest.swift */; };
		8DA484A9242289E900A492EF /* Helpers.swift in Sources */ = {isa = PBXBuildFile; fileRef = 8DA484A8242289E900A492EF /* Helpers.swift */; };
		8DA484AB242293EB00A492EF /* Email.swift in Sources */ = {isa = PBXBuildFile; fileRef = 8DA484AA242293EB00A492EF /* Email.swift */; };
		8DA484AD2423B60200A492EF /* ContainerTest.swift in Sources */ = {isa = PBXBuildFile; fileRef = 8DA484AC2423B60200A492EF /* ContainerTest.swift */; };
		8DA484AF2423B78B00A492EF /* Container.swift in Sources */ = {isa = PBXBuildFile; fileRef = 8DA484AE2423B78B00A492EF /* Container.swift */; };
		8DCB68532422176400483810 /* TicketInfoLegendViewTest.swift in Sources */ = {isa = PBXBuildFile; fileRef = 8DCB68522422176400483810 /* TicketInfoLegendViewTest.swift */; };
		8DCB685524221D0D00483810 /* TicketInfoLegendView.swift in Sources */ = {isa = PBXBuildFile; fileRef = 8DCB685424221D0D00483810 /* TicketInfoLegendView.swift */; };
		8DCB68572422486A00483810 /* GravatarTest.swift in Sources */ = {isa = PBXBuildFile; fileRef = 8DCB68562422486A00483810 /* GravatarTest.swift */; };
		8DCB685A2422498F00483810 /* Gravatar.swift in Sources */ = {isa = PBXBuildFile; fileRef = 8DCB68592422498F00483810 /* Gravatar.swift */; };
		8DD4837E2424C12800501BA5 /* TicketsProviderMock.swift in Sources */ = {isa = PBXBuildFile; fileRef = 8DD4837D2424C12800501BA5 /* TicketsProviderMock.swift */; };
		8DD483802424C59500501BA5 /* TicketsProvider.swift in Sources */ = {isa = PBXBuildFile; fileRef = 8DD4837F2424C59500501BA5 /* TicketsProvider.swift */; };
		8DD483842424C9EA00501BA5 /* TicketsProviderMockTest.swift in Sources */ = {isa = PBXBuildFile; fileRef = 8DD483832424C9EA00501BA5 /* TicketsProviderMockTest.swift */; };
		8DD483862424D1A000501BA5 /* UITableViewMock.swift in Sources */ = {isa = PBXBuildFile; fileRef = 8DD483852424D1A000501BA5 /* UITableViewMock.swift */; };
		8DD483882428B38E00501BA5 /* TicketInfoCellTest.swift in Sources */ = {isa = PBXBuildFile; fileRef = 8DD483872428B38E00501BA5 /* TicketInfoCellTest.swift */; };
		8DD4838A2428B82600501BA5 /* Team.swift in Sources */ = {isa = PBXBuildFile; fileRef = 8DD483892428B82600501BA5 /* Team.swift */; };
		8DD4838C2428BC4C00501BA5 /* TicketCommentCellTest.swift in Sources */ = {isa = PBXBuildFile; fileRef = 8DD4838B2428BC4C00501BA5 /* TicketCommentCellTest.swift */; };
		8DD4838E2428C50B00501BA5 /* TicketTest.swift in Sources */ = {isa = PBXBuildFile; fileRef = 8DD4838D2428C50B00501BA5 /* TicketTest.swift */; };
		8DD48390242927CB00501BA5 /* CellFactories.swift in Sources */ = {isa = PBXBuildFile; fileRef = 8DD4838F242927CB00501BA5 /* CellFactories.swift */; };
		8DF9702424211E0200242861 /* DateTest.swift in Sources */ = {isa = PBXBuildFile; fileRef = 8DF9702324211E0200242861 /* DateTest.swift */; };
		8DF9702724211ED900242861 /* DateExtension.swift in Sources */ = {isa = PBXBuildFile; fileRef = 8DF9702624211ED900242861 /* DateExtension.swift */; };
		8DF9702924220BA000242861 /* TicketStatusTest.swift in Sources */ = {isa = PBXBuildFile; fileRef = 8DF9702824220BA000242861 /* TicketStatusTest.swift */; };
		BB094AC624266D6A00F1C9F2 /* Agent.swift in Sources */ = {isa = PBXBuildFile; fileRef = BB094AC524266D6A00F1C9F2 /* Agent.swift */; };
		BB094AC824266E0B00F1C9F2 /* Comment.swift in Sources */ = {isa = PBXBuildFile; fileRef = BB094AC724266E0B00F1C9F2 /* Comment.swift */; };
		BB094ACA2426706D00F1C9F2 /* TicketViewController.swift in Sources */ = {isa = PBXBuildFile; fileRef = BB094AC92426706D00F1C9F2 /* TicketViewController.swift */; };
		BB094ACC24275B4300F1C9F2 /* TicketHeaderCell.swift in Sources */ = {isa = PBXBuildFile; fileRef = BB094ACB24275B4300F1C9F2 /* TicketHeaderCell.swift */; };
		BB094ACE24275BD300F1C9F2 /* TicketInfoCell.swift in Sources */ = {isa = PBXBuildFile; fileRef = BB094ACD24275BD300F1C9F2 /* TicketInfoCell.swift */; };
		BB094AD024275C0100F1C9F2 /* TicketCommentCell.swift in Sources */ = {isa = PBXBuildFile; fileRef = BB094ACF24275C0100F1C9F2 /* TicketCommentCell.swift */; };
		BB094AD224279D0C00F1C9F2 /* TicketHeaderCellTest.swift in Sources */ = {isa = PBXBuildFile; fileRef = BB094AD124279D0C00F1C9F2 /* TicketHeaderCellTest.swift */; };
		BB9A5BC7242667E300FEB0DE /* TicketViewControllerTest.swift in Sources */ = {isa = PBXBuildFile; fileRef = BB9A5BC6242667E300FEB0DE /* TicketViewControllerTest.swift */; };
/* End PBXBuildFile section */

/* Begin PBXContainerItemProxy section */
		8D8756AD241F6625000DBA40 /* PBXContainerItemProxy */ = {
			isa = PBXContainerItemProxy;
			containerPortal = 8D87568E241F6621000DBA40 /* Project object */;
			proxyType = 1;
			remoteGlobalIDString = 8D875695241F6622000DBA40;
			remoteInfo = Handesk;
		};
/* End PBXContainerItemProxy section */

/* Begin PBXFileReference section */
		8D875696241F6622000DBA40 /* Handesk.app */ = {isa = PBXFileReference; explicitFileType = wrapper.application; includeInIndex = 0; path = Handesk.app; sourceTree = BUILT_PRODUCTS_DIR; };
		8D875699241F6622000DBA40 /* AppDelegate.swift */ = {isa = PBXFileReference; lastKnownFileType = sourcecode.swift; path = AppDelegate.swift; sourceTree = "<group>"; };
		8D87569B241F6622000DBA40 /* SceneDelegate.swift */ = {isa = PBXFileReference; lastKnownFileType = sourcecode.swift; path = SceneDelegate.swift; sourceTree = "<group>"; };
		8D87569D241F6622000DBA40 /* ViewController.swift */ = {isa = PBXFileReference; lastKnownFileType = sourcecode.swift; path = ViewController.swift; sourceTree = "<group>"; };
		8D8756A0241F6622000DBA40 /* Base */ = {isa = PBXFileReference; lastKnownFileType = file.storyboard; name = Base; path = Base.lproj/Main.storyboard; sourceTree = "<group>"; };
		8D8756A2241F6625000DBA40 /* Assets.xcassets */ = {isa = PBXFileReference; lastKnownFileType = folder.assetcatalog; path = Assets.xcassets; sourceTree = "<group>"; };
		8D8756A5241F6625000DBA40 /* Base */ = {isa = PBXFileReference; lastKnownFileType = file.storyboard; name = Base; path = Base.lproj/LaunchScreen.storyboard; sourceTree = "<group>"; };
		8D8756A7241F6625000DBA40 /* Info.plist */ = {isa = PBXFileReference; lastKnownFileType = text.plist.xml; path = Info.plist; sourceTree = "<group>"; };
		8D8756AC241F6625000DBA40 /* HandeskTests.xctest */ = {isa = PBXFileReference; explicitFileType = wrapper.cfbundle; includeInIndex = 0; path = HandeskTests.xctest; sourceTree = BUILT_PRODUCTS_DIR; };
		8D8756B2241F6625000DBA40 /* Info.plist */ = {isa = PBXFileReference; lastKnownFileType = text.plist.xml; path = Info.plist; sourceTree = "<group>"; };
		8D8756BC241F66C1000DBA40 /* TicketsListViewControllerTest.swift */ = {isa = PBXFileReference; lastKnownFileType = sourcecode.swift; path = TicketsListViewControllerTest.swift; sourceTree = "<group>"; };
		8D8756BF241F68BD000DBA40 /* TicketsListViewController.swift */ = {isa = PBXFileReference; lastKnownFileType = sourcecode.swift; path = TicketsListViewController.swift; sourceTree = "<group>"; };
		8D8756C2241F69E8000DBA40 /* Ticket.swift */ = {isa = PBXFileReference; lastKnownFileType = sourcecode.swift; path = Ticket.swift; sourceTree = "<group>"; };
		8D8756C4241FE8A1000DBA40 /* Tickets.storyboard */ = {isa = PBXFileReference; lastKnownFileType = file.storyboard; path = Tickets.storyboard; sourceTree = "<group>"; };
		8D8756C7241FEF68000DBA40 /* TicketCell.swift */ = {isa = PBXFileReference; lastKnownFileType = sourcecode.swift; path = TicketCell.swift; sourceTree = "<group>"; };
		8D8756CA2420D227000DBA40 /* TicketCellTest.swift */ = {isa = PBXFileReference; lastKnownFileType = sourcecode.swift; path = TicketCellTest.swift; sourceTree = "<group>"; };
		8D8756CC2420D6D8000DBA40 /* Requester.swift */ = {isa = PBXFileReference; lastKnownFileType = sourcecode.swift; path = Requester.swift; sourceTree = "<group>"; };
		8D8756CF242107A6000DBA40 /* Factories.swift */ = {isa = PBXFileReference; lastKnownFileType = sourcecode.swift; path = Factories.swift; sourceTree = "<group>"; };
		8D8756D224210D48000DBA40 /* Helpers.swift */ = {isa = PBXFileReference; lastKnownFileType = sourcecode.swift; path = Helpers.swift; sourceTree = "<group>"; };
		8DA484A2242279BC00A492EF /* ImageDownloaderMock.swift */ = {isa = PBXFileReference; lastKnownFileType = sourcecode.swift; path = ImageDownloaderMock.swift; sourceTree = "<group>"; };
		8DA484A424227C0D00A492EF /* ImageDownloader.swift */ = {isa = PBXFileReference; lastKnownFileType = sourcecode.swift; path = ImageDownloader.swift; sourceTree = "<group>"; };
		8DA484A62422822B00A492EF /* ImageDownloaderTest.swift */ = {isa = PBXFileReference; lastKnownFileType = sourcecode.swift; path = ImageDownloaderTest.swift; sourceTree = "<group>"; };
		8DA484A8242289E900A492EF /* Helpers.swift */ = {isa = PBXFileReference; lastKnownFileType = sourcecode.swift; path = Helpers.swift; sourceTree = "<group>"; };
		8DA484AA242293EB00A492EF /* Email.swift */ = {isa = PBXFileReference; lastKnownFileType = sourcecode.swift; path = Email.swift; sourceTree = "<group>"; };
		8DA484AC2423B60200A492EF /* ContainerTest.swift */ = {isa = PBXFileReference; lastKnownFileType = sourcecode.swift; path = ContainerTest.swift; sourceTree = "<group>"; };
		8DA484AE2423B78B00A492EF /* Container.swift */ = {isa = PBXFileReference; lastKnownFileType = sourcecode.swift; path = Container.swift; sourceTree = "<group>"; };
		8DCB68522422176400483810 /* TicketInfoLegendViewTest.swift */ = {isa = PBXFileReference; lastKnownFileType = sourcecode.swift; path = TicketInfoLegendViewTest.swift; sourceTree = "<group>"; };
		8DCB685424221D0D00483810 /* TicketInfoLegendView.swift */ = {isa = PBXFileReference; lastKnownFileType = sourcecode.swift; path = TicketInfoLegendView.swift; sourceTree = "<group>"; };
		8DCB68562422486A00483810 /* GravatarTest.swift */ = {isa = PBXFileReference; lastKnownFileType = sourcecode.swift; path = GravatarTest.swift; sourceTree = "<group>"; };
		8DCB68592422498F00483810 /* Gravatar.swift */ = {isa = PBXFileReference; lastKnownFileType = sourcecode.swift; path = Gravatar.swift; sourceTree = "<group>"; };
		8DD4837D2424C12800501BA5 /* TicketsProviderMock.swift */ = {isa = PBXFileReference; lastKnownFileType = sourcecode.swift; path = TicketsProviderMock.swift; sourceTree = "<group>"; };
		8DD4837F2424C59500501BA5 /* TicketsProvider.swift */ = {isa = PBXFileReference; lastKnownFileType = sourcecode.swift; path = TicketsProvider.swift; sourceTree = "<group>"; };
		8DD483832424C9EA00501BA5 /* TicketsProviderMockTest.swift */ = {isa = PBXFileReference; lastKnownFileType = sourcecode.swift; path = TicketsProviderMockTest.swift; sourceTree = "<group>"; };
		8DD483852424D1A000501BA5 /* UITableViewMock.swift */ = {isa = PBXFileReference; lastKnownFileType = sourcecode.swift; path = UITableViewMock.swift; sourceTree = "<group>"; };
		8DD483872428B38E00501BA5 /* TicketInfoCellTest.swift */ = {isa = PBXFileReference; lastKnownFileType = sourcecode.swift; path = TicketInfoCellTest.swift; sourceTree = "<group>"; };
		8DD483892428B82600501BA5 /* Team.swift */ = {isa = PBXFileReference; lastKnownFileType = sourcecode.swift; path = Team.swift; sourceTree = "<group>"; };
		8DD4838B2428BC4C00501BA5 /* TicketCommentCellTest.swift */ = {isa = PBXFileReference; lastKnownFileType = sourcecode.swift; path = TicketCommentCellTest.swift; sourceTree = "<group>"; };
		8DD4838D2428C50B00501BA5 /* TicketTest.swift */ = {isa = PBXFileReference; lastKnownFileType = sourcecode.swift; path = TicketTest.swift; sourceTree = "<group>"; };
		8DD4838F242927CB00501BA5 /* CellFactories.swift */ = {isa = PBXFileReference; lastKnownFileType = sourcecode.swift; path = CellFactories.swift; sourceTree = "<group>"; };
		8DF9702324211E0200242861 /* DateTest.swift */ = {isa = PBXFileReference; lastKnownFileType = sourcecode.swift; path = DateTest.swift; sourceTree = "<group>"; };
		8DF9702624211ED900242861 /* DateExtension.swift */ = {isa = PBXFileReference; lastKnownFileType = sourcecode.swift; path = DateExtension.swift; sourceTree = "<group>"; };
		8DF9702824220BA000242861 /* TicketStatusTest.swift */ = {isa = PBXFileReference; lastKnownFileType = sourcecode.swift; path = TicketStatusTest.swift; sourceTree = "<group>"; };
		BB094AC524266D6A00F1C9F2 /* Agent.swift */ = {isa = PBXFileReference; lastKnownFileType = sourcecode.swift; path = Agent.swift; sourceTree = "<group>"; };
		BB094AC724266E0B00F1C9F2 /* Comment.swift */ = {isa = PBXFileReference; lastKnownFileType = sourcecode.swift; path = Comment.swift; sourceTree = "<group>"; };
		BB094AC92426706D00F1C9F2 /* TicketViewController.swift */ = {isa = PBXFileReference; lastKnownFileType = sourcecode.swift; path = TicketViewController.swift; sourceTree = "<group>"; };
		BB094ACB24275B4300F1C9F2 /* TicketHeaderCell.swift */ = {isa = PBXFileReference; lastKnownFileType = sourcecode.swift; path = TicketHeaderCell.swift; sourceTree = "<group>"; };
		BB094ACD24275BD300F1C9F2 /* TicketInfoCell.swift */ = {isa = PBXFileReference; lastKnownFileType = sourcecode.swift; path = TicketInfoCell.swift; sourceTree = "<group>"; };
		BB094ACF24275C0100F1C9F2 /* TicketCommentCell.swift */ = {isa = PBXFileReference; lastKnownFileType = sourcecode.swift; path = TicketCommentCell.swift; sourceTree = "<group>"; };
		BB094AD124279D0C00F1C9F2 /* TicketHeaderCellTest.swift */ = {isa = PBXFileReference; lastKnownFileType = sourcecode.swift; path = TicketHeaderCellTest.swift; sourceTree = "<group>"; };
		BB9A5BC6242667E300FEB0DE /* TicketViewControllerTest.swift */ = {isa = PBXFileReference; lastKnownFileType = sourcecode.swift; path = TicketViewControllerTest.swift; sourceTree = "<group>"; };
/* End PBXFileReference section */

/* Begin PBXFrameworksBuildPhase section */
		8D875693241F6622000DBA40 /* Frameworks */ = {
			isa = PBXFrameworksBuildPhase;
			buildActionMask = 2147483647;
			files = (
			);
			runOnlyForDeploymentPostprocessing = 0;
		};
		8D8756A9241F6625000DBA40 /* Frameworks */ = {
			isa = PBXFrameworksBuildPhase;
			buildActionMask = 2147483647;
			files = (
			);
			runOnlyForDeploymentPostprocessing = 0;
		};
/* End PBXFrameworksBuildPhase section */

/* Begin PBXGroup section */
		8D87568D241F6621000DBA40 = {
			isa = PBXGroup;
			children = (
				8D875698241F6622000DBA40 /* Handesk */,
				8D8756AF241F6625000DBA40 /* HandeskTests */,
				8D875697241F6622000DBA40 /* Products */,
			);
			sourceTree = "<group>";
		};
		8D875697241F6622000DBA40 /* Products */ = {
			isa = PBXGroup;
			children = (
				8D875696241F6622000DBA40 /* Handesk.app */,
				8D8756AC241F6625000DBA40 /* HandeskTests.xctest */,
			);
			name = Products;
			sourceTree = "<group>";
		};
		8D875698241F6622000DBA40 /* Handesk */ = {
			isa = PBXGroup;
			children = (
				8DCB68582422498400483810 /* Services */,
				8DF9702524211ECD00242861 /* Helpers */,
				8D8756C6241FEF5E000DBA40 /* Views */,
				8D8756C1241F69DD000DBA40 /* Models */,
				8D8756BE241F68AC000DBA40 /* Controllers */,
				8D875699241F6622000DBA40 /* AppDelegate.swift */,
				8D87569B241F6622000DBA40 /* SceneDelegate.swift */,
				8D87569D241F6622000DBA40 /* ViewController.swift */,
				8D87569F241F6622000DBA40 /* Main.storyboard */,
				8D8756A2241F6625000DBA40 /* Assets.xcassets */,
				8D8756A4241F6625000DBA40 /* LaunchScreen.storyboard */,
				8D8756A7241F6625000DBA40 /* Info.plist */,
			);
			path = Handesk;
			sourceTree = "<group>";
		};
		8D8756AF241F6625000DBA40 /* HandeskTests */ = {
			isa = PBXGroup;
			children = (
				8DD4837C2424C11900501BA5 /* mocks */,
				8D8756D124210D3F000DBA40 /* helpers */,
				8D8756CE2421079B000DBA40 /* factories */,
				8D8756C92420D217000DBA40 /* unit */,
				8D8756BB241F6690000DBA40 /* feature */,
				8D8756B2241F6625000DBA40 /* Info.plist */,
			);
			path = HandeskTests;
			sourceTree = "<group>";
		};
		8D8756BB241F6690000DBA40 /* feature */ = {
			isa = PBXGroup;
			children = (
				8D8756BC241F66C1000DBA40 /* TicketsListViewControllerTest.swift */,
				BB9A5BC6242667E300FEB0DE /* TicketViewControllerTest.swift */,
			);
			path = feature;
			sourceTree = "<group>";
		};
		8D8756BE241F68AC000DBA40 /* Controllers */ = {
			isa = PBXGroup;
			children = (
				8D8756BF241F68BD000DBA40 /* TicketsListViewController.swift */,
				8D8756C4241FE8A1000DBA40 /* Tickets.storyboard */,
				BB094AC92426706D00F1C9F2 /* TicketViewController.swift */,
			);
			path = Controllers;
			sourceTree = "<group>";
		};
		8D8756C1241F69DD000DBA40 /* Models */ = {
			isa = PBXGroup;
			children = (
				8D8756C2241F69E8000DBA40 /* Ticket.swift */,
				8D8756CC2420D6D8000DBA40 /* Requester.swift */,
				8DA484AA242293EB00A492EF /* Email.swift */,
				BB094AC524266D6A00F1C9F2 /* Agent.swift */,
				BB094AC724266E0B00F1C9F2 /* Comment.swift */,
				8DD483892428B82600501BA5 /* Team.swift */,
			);
			path = Models;
			sourceTree = "<group>";
		};
		8D8756C6241FEF5E000DBA40 /* Views */ = {
			isa = PBXGroup;
			children = (
				8D8756C7241FEF68000DBA40 /* TicketCell.swift */,
				8DCB685424221D0D00483810 /* TicketInfoLegendView.swift */,
				BB094ACB24275B4300F1C9F2 /* TicketHeaderCell.swift */,
				BB094ACD24275BD300F1C9F2 /* TicketInfoCell.swift */,
				BB094ACF24275C0100F1C9F2 /* TicketCommentCell.swift */,
			);
			path = Views;
			sourceTree = "<group>";
		};
		8D8756C92420D217000DBA40 /* unit */ = {
			isa = PBXGroup;
			children = (
				8D8756CA2420D227000DBA40 /* TicketCellTest.swift */,
				8DF9702324211E0200242861 /* DateTest.swift */,
				8DF9702824220BA000242861 /* TicketStatusTest.swift */,
				8DCB68522422176400483810 /* TicketInfoLegendViewTest.swift */,
				8DCB68562422486A00483810 /* GravatarTest.swift */,
				8DA484A62422822B00A492EF /* ImageDownloaderTest.swift */,
				8DA484AC2423B60200A492EF /* ContainerTest.swift */,
				8DD483832424C9EA00501BA5 /* TicketsProviderMockTest.swift */,
				BB094AD124279D0C00F1C9F2 /* TicketHeaderCellTest.swift */,
				8DD483872428B38E00501BA5 /* TicketInfoCellTest.swift */,
				8DD4838B2428BC4C00501BA5 /* TicketCommentCellTest.swift */,
				8DD4838D2428C50B00501BA5 /* TicketTest.swift */,
			);
			path = unit;
			sourceTree = "<group>";
		};
		8D8756CE2421079B000DBA40 /* factories */ = {
			isa = PBXGroup;
			children = (
				8D8756CF242107A6000DBA40 /* Factories.swift */,
				8DD4838F242927CB00501BA5 /* CellFactories.swift */,
			);
			path = factories;
			sourceTree = "<group>";
		};
		8D8756D124210D3F000DBA40 /* helpers */ = {
			isa = PBXGroup;
			children = (
				8D8756D224210D48000DBA40 /* Helpers.swift */,
				8DA484A2242279BC00A492EF /* ImageDownloaderMock.swift */,
			);
			path = helpers;
			sourceTree = "<group>";
		};
		8DCB68582422498400483810 /* Services */ = {
			isa = PBXGroup;
			children = (
				8DA484AE2423B78B00A492EF /* Container.swift */,
				8DCB68592422498F00483810 /* Gravatar.swift */,
				8DA484A424227C0D00A492EF /* ImageDownloader.swift */,
				8DD4837F2424C59500501BA5 /* TicketsProvider.swift */,
			);
			path = Services;
			sourceTree = "<group>";
		};
		8DD4837C2424C11900501BA5 /* mocks */ = {
			isa = PBXGroup;
			children = (
				8DD4837D2424C12800501BA5 /* TicketsProviderMock.swift */,
				8DD483852424D1A000501BA5 /* UITableViewMock.swift */,
			);
			path = mocks;
			sourceTree = "<group>";
		};
		8DF9702524211ECD00242861 /* Helpers */ = {
			isa = PBXGroup;
			children = (
				8DF9702624211ED900242861 /* DateExtension.swift */,
				8DA484A8242289E900A492EF /* Helpers.swift */,
			);
			path = Helpers;
			sourceTree = "<group>";
		};
/* End PBXGroup section */

/* Begin PBXNativeTarget section */
		8D875695241F6622000DBA40 /* Handesk */ = {
			isa = PBXNativeTarget;
			buildConfigurationList = 8D8756B5241F6625000DBA40 /* Build configuration list for PBXNativeTarget "Handesk" */;
			buildPhases = (
				8D875692241F6622000DBA40 /* Sources */,
				8D875693241F6622000DBA40 /* Frameworks */,
				8D875694241F6622000DBA40 /* Resources */,
			);
			buildRules = (
			);
			dependencies = (
			);
			name = Handesk;
			productName = Handesk;
			productReference = 8D875696241F6622000DBA40 /* Handesk.app */;
			productType = "com.apple.product-type.application";
		};
		8D8756AB241F6625000DBA40 /* HandeskTests */ = {
			isa = PBXNativeTarget;
			buildConfigurationList = 8D8756B8241F6625000DBA40 /* Build configuration list for PBXNativeTarget "HandeskTests" */;
			buildPhases = (
				8D8756A8241F6625000DBA40 /* Sources */,
				8D8756A9241F6625000DBA40 /* Frameworks */,
				8D8756AA241F6625000DBA40 /* Resources */,
			);
			buildRules = (
			);
			dependencies = (
				8D8756AE241F6625000DBA40 /* PBXTargetDependency */,
			);
			name = HandeskTests;
			productName = HandeskTests;
			productReference = 8D8756AC241F6625000DBA40 /* HandeskTests.xctest */;
			productType = "com.apple.product-type.bundle.unit-test";
		};
/* End PBXNativeTarget section */

/* Begin PBXProject section */
		8D87568E241F6621000DBA40 /* Project object */ = {
			isa = PBXProject;
			attributes = {
				LastSwiftUpdateCheck = 1130;
				LastUpgradeCheck = 1130;
				ORGANIZATIONNAME = "Revo Systems";
				TargetAttributes = {
					8D875695241F6622000DBA40 = {
						CreatedOnToolsVersion = 11.3.1;
					};
					8D8756AB241F6625000DBA40 = {
						CreatedOnToolsVersion = 11.3.1;
						TestTargetID = 8D875695241F6622000DBA40;
					};
				};
			};
			buildConfigurationList = 8D875691241F6621000DBA40 /* Build configuration list for PBXProject "Handesk" */;
			compatibilityVersion = "Xcode 9.3";
			developmentRegion = en;
			hasScannedForEncodings = 0;
			knownRegions = (
				en,
				Base,
			);
			mainGroup = 8D87568D241F6621000DBA40;
			productRefGroup = 8D875697241F6622000DBA40 /* Products */;
			projectDirPath = "";
			projectRoot = "";
			targets = (
				8D875695241F6622000DBA40 /* Handesk */,
				8D8756AB241F6625000DBA40 /* HandeskTests */,
			);
		};
/* End PBXProject section */

/* Begin PBXResourcesBuildPhase section */
		8D875694241F6622000DBA40 /* Resources */ = {
			isa = PBXResourcesBuildPhase;
			buildActionMask = 2147483647;
			files = (
				8D8756C5241FE8A1000DBA40 /* Tickets.storyboard in Resources */,
				8D8756A6241F6625000DBA40 /* LaunchScreen.storyboard in Resources */,
				8D8756A3241F6625000DBA40 /* Assets.xcassets in Resources */,
				8D8756A1241F6622000DBA40 /* Main.storyboard in Resources */,
			);
			runOnlyForDeploymentPostprocessing = 0;
		};
		8D8756AA241F6625000DBA40 /* Resources */ = {
			isa = PBXResourcesBuildPhase;
			buildActionMask = 2147483647;
			files = (
			);
			runOnlyForDeploymentPostprocessing = 0;
		};
/* End PBXResourcesBuildPhase section */

/* Begin PBXSourcesBuildPhase section */
		8D875692241F6622000DBA40 /* Sources */ = {
			isa = PBXSourcesBuildPhase;
			buildActionMask = 2147483647;
			files = (
				8D8756C0241F68BD000DBA40 /* TicketsListViewController.swift in Sources */,
				8DF9702724211ED900242861 /* DateExtension.swift in Sources */,
				8DCB685524221D0D00483810 /* TicketInfoLegendView.swift in Sources */,
				8D87569E241F6622000DBA40 /* ViewController.swift in Sources */,
				BB094AD024275C0100F1C9F2 /* TicketCommentCell.swift in Sources */,
				8D8756C3241F69E8000DBA40 /* Ticket.swift in Sources */,
				BB094AC824266E0B00F1C9F2 /* Comment.swift in Sources */,
				BB094AC624266D6A00F1C9F2 /* Agent.swift in Sources */,
				8DD4838A2428B82600501BA5 /* Team.swift in Sources */,
				8D8756C8241FEF68000DBA40 /* TicketCell.swift in Sources */,
				BB094ACA2426706D00F1C9F2 /* TicketViewController.swift in Sources */,
				8DA484A524227C0D00A492EF /* ImageDownloader.swift in Sources */,
				8DA484A9242289E900A492EF /* Helpers.swift in Sources */,
				BB094ACE24275BD300F1C9F2 /* TicketInfoCell.swift in Sources */,
				8D8756CD2420D6D8000DBA40 /* Requester.swift in Sources */,
				BB094ACC24275B4300F1C9F2 /* TicketHeaderCell.swift in Sources */,
				8DCB685A2422498F00483810 /* Gravatar.swift in Sources */,
				8DA484AB242293EB00A492EF /* Email.swift in Sources */,
				8DD483802424C59500501BA5 /* TicketsProvider.swift in Sources */,
				8DA484AF2423B78B00A492EF /* Container.swift in Sources */,
				8D87569A241F6622000DBA40 /* AppDelegate.swift in Sources */,
				8D87569C241F6622000DBA40 /* SceneDelegate.swift in Sources */,
			);
			runOnlyForDeploymentPostprocessing = 0;
		};
		8D8756A8241F6625000DBA40 /* Sources */ = {
			isa = PBXSourcesBuildPhase;
			buildActionMask = 2147483647;
			files = (
				8DD4837E2424C12800501BA5 /* TicketsProviderMock.swift in Sources */,
				8D8756D0242107A6000DBA40 /* Factories.swift in Sources */,
				BB094AD224279D0C00F1C9F2 /* TicketHeaderCellTest.swift in Sources */,
				8D8756BD241F66C1000DBA40 /* TicketsListViewControllerTest.swift in Sources */,
				8DD48390242927CB00501BA5 /* CellFactories.swift in Sources */,
				8DF9702424211E0200242861 /* DateTest.swift in Sources */,
				8DA484A3242279BC00A492EF /* ImageDownloaderMock.swift in Sources */,
				BB9A5BC7242667E300FEB0DE /* TicketViewControllerTest.swift in Sources */,
				8DD483882428B38E00501BA5 /* TicketInfoCellTest.swift in Sources */,
				8DF9702924220BA000242861 /* TicketStatusTest.swift in Sources */,
				8D8756CB2420D227000DBA40 /* TicketCellTest.swift in Sources */,
				8DD483862424D1A000501BA5 /* UITableViewMock.swift in Sources */,
				8DA484A72422822B00A492EF /* ImageDownloaderTest.swift in Sources */,
				8DCB68572422486A00483810 /* GravatarTest.swift in Sources */,
				8DCB68532422176400483810 /* TicketInfoLegendViewTest.swift in Sources */,
				8DD483842424C9EA00501BA5 /* TicketsProviderMockTest.swift in Sources */,
				8DD4838C2428BC4C00501BA5 /* TicketCommentCellTest.swift in Sources */,
				8DA484AD2423B60200A492EF /* ContainerTest.swift in Sources */,
				8DD4838E2428C50B00501BA5 /* TicketTest.swift in Sources */,
				8D8756D324210D48000DBA40 /* Helpers.swift in Sources */,
			);
			runOnlyForDeploymentPostprocessing = 0;
		};
/* End PBXSourcesBuildPhase section */

/* Begin PBXTargetDependency section */
		8D8756AE241F6625000DBA40 /* PBXTargetDependency */ = {
			isa = PBXTargetDependency;
			target = 8D875695241F6622000DBA40 /* Handesk */;
			targetProxy = 8D8756AD241F6625000DBA40 /* PBXContainerItemProxy */;
		};
/* End PBXTargetDependency section */

/* Begin PBXVariantGroup section */
		8D87569F241F6622000DBA40 /* Main.storyboard */ = {
			isa = PBXVariantGroup;
			children = (
				8D8756A0241F6622000DBA40 /* Base */,
			);
			name = Main.storyboard;
			sourceTree = "<group>";
		};
		8D8756A4241F6625000DBA40 /* LaunchScreen.storyboard */ = {
			isa = PBXVariantGroup;
			children = (
				8D8756A5241F6625000DBA40 /* Base */,
			);
			name = LaunchScreen.storyboard;
			sourceTree = "<group>";
		};
/* End PBXVariantGroup section */

/* Begin XCBuildConfiguration section */
		8D8756B3241F6625000DBA40 /* Debug */ = {
			isa = XCBuildConfiguration;
			buildSettings = {
				ALWAYS_SEARCH_USER_PATHS = NO;
				CLANG_ANALYZER_NONNULL = YES;
				CLANG_ANALYZER_NUMBER_OBJECT_CONVERSION = YES_AGGRESSIVE;
				CLANG_CXX_LANGUAGE_STANDARD = "gnu++14";
				CLANG_CXX_LIBRARY = "libc++";
				CLANG_ENABLE_MODULES = YES;
				CLANG_ENABLE_OBJC_ARC = YES;
				CLANG_ENABLE_OBJC_WEAK = YES;
				CLANG_WARN_BLOCK_CAPTURE_AUTORELEASING = YES;
				CLANG_WARN_BOOL_CONVERSION = YES;
				CLANG_WARN_COMMA = YES;
				CLANG_WARN_CONSTANT_CONVERSION = YES;
				CLANG_WARN_DEPRECATED_OBJC_IMPLEMENTATIONS = YES;
				CLANG_WARN_DIRECT_OBJC_ISA_USAGE = YES_ERROR;
				CLANG_WARN_DOCUMENTATION_COMMENTS = YES;
				CLANG_WARN_EMPTY_BODY = YES;
				CLANG_WARN_ENUM_CONVERSION = YES;
				CLANG_WARN_INFINITE_RECURSION = YES;
				CLANG_WARN_INT_CONVERSION = YES;
				CLANG_WARN_NON_LITERAL_NULL_CONVERSION = YES;
				CLANG_WARN_OBJC_IMPLICIT_RETAIN_SELF = YES;
				CLANG_WARN_OBJC_LITERAL_CONVERSION = YES;
				CLANG_WARN_OBJC_ROOT_CLASS = YES_ERROR;
				CLANG_WARN_RANGE_LOOP_ANALYSIS = YES;
				CLANG_WARN_STRICT_PROTOTYPES = YES;
				CLANG_WARN_SUSPICIOUS_MOVE = YES;
				CLANG_WARN_UNGUARDED_AVAILABILITY = YES_AGGRESSIVE;
				CLANG_WARN_UNREACHABLE_CODE = YES;
				CLANG_WARN__DUPLICATE_METHOD_MATCH = YES;
				COPY_PHASE_STRIP = NO;
				DEBUG_INFORMATION_FORMAT = dwarf;
				ENABLE_STRICT_OBJC_MSGSEND = YES;
				ENABLE_TESTABILITY = YES;
				GCC_C_LANGUAGE_STANDARD = gnu11;
				GCC_DYNAMIC_NO_PIC = NO;
				GCC_NO_COMMON_BLOCKS = YES;
				GCC_OPTIMIZATION_LEVEL = 0;
				GCC_PREPROCESSOR_DEFINITIONS = (
					"DEBUG=1",
					"$(inherited)",
				);
				GCC_WARN_64_TO_32_BIT_CONVERSION = YES;
				GCC_WARN_ABOUT_RETURN_TYPE = YES_ERROR;
				GCC_WARN_UNDECLARED_SELECTOR = YES;
				GCC_WARN_UNINITIALIZED_AUTOS = YES_AGGRESSIVE;
				GCC_WARN_UNUSED_FUNCTION = YES;
				GCC_WARN_UNUSED_VARIABLE = YES;
				IPHONEOS_DEPLOYMENT_TARGET = 13.2;
				MTL_ENABLE_DEBUG_INFO = INCLUDE_SOURCE;
				MTL_FAST_MATH = YES;
				ONLY_ACTIVE_ARCH = YES;
				SDKROOT = iphoneos;
				SWIFT_ACTIVE_COMPILATION_CONDITIONS = DEBUG;
				SWIFT_OPTIMIZATION_LEVEL = "-Onone";
			};
			name = Debug;
		};
		8D8756B4241F6625000DBA40 /* Release */ = {
			isa = XCBuildConfiguration;
			buildSettings = {
				ALWAYS_SEARCH_USER_PATHS = NO;
				CLANG_ANALYZER_NONNULL = YES;
				CLANG_ANALYZER_NUMBER_OBJECT_CONVERSION = YES_AGGRESSIVE;
				CLANG_CXX_LANGUAGE_STANDARD = "gnu++14";
				CLANG_CXX_LIBRARY = "libc++";
				CLANG_ENABLE_MODULES = YES;
				CLANG_ENABLE_OBJC_ARC = YES;
				CLANG_ENABLE_OBJC_WEAK = YES;
				CLANG_WARN_BLOCK_CAPTURE_AUTORELEASING = YES;
				CLANG_WARN_BOOL_CONVERSION = YES;
				CLANG_WARN_COMMA = YES;
				CLANG_WARN_CONSTANT_CONVERSION = YES;
				CLANG_WARN_DEPRECATED_OBJC_IMPLEMENTATIONS = YES;
				CLANG_WARN_DIRECT_OBJC_ISA_USAGE = YES_ERROR;
				CLANG_WARN_DOCUMENTATION_COMMENTS = YES;
				CLANG_WARN_EMPTY_BODY = YES;
				CLANG_WARN_ENUM_CONVERSION = YES;
				CLANG_WARN_INFINITE_RECURSION = YES;
				CLANG_WARN_INT_CONVERSION = YES;
				CLANG_WARN_NON_LITERAL_NULL_CONVERSION = YES;
				CLANG_WARN_OBJC_IMPLICIT_RETAIN_SELF = YES;
				CLANG_WARN_OBJC_LITERAL_CONVERSION = YES;
				CLANG_WARN_OBJC_ROOT_CLASS = YES_ERROR;
				CLANG_WARN_RANGE_LOOP_ANALYSIS = YES;
				CLANG_WARN_STRICT_PROTOTYPES = YES;
				CLANG_WARN_SUSPICIOUS_MOVE = YES;
				CLANG_WARN_UNGUARDED_AVAILABILITY = YES_AGGRESSIVE;
				CLANG_WARN_UNREACHABLE_CODE = YES;
				CLANG_WARN__DUPLICATE_METHOD_MATCH = YES;
				COPY_PHASE_STRIP = NO;
				DEBUG_INFORMATION_FORMAT = "dwarf-with-dsym";
				ENABLE_NS_ASSERTIONS = NO;
				ENABLE_STRICT_OBJC_MSGSEND = YES;
				GCC_C_LANGUAGE_STANDARD = gnu11;
				GCC_NO_COMMON_BLOCKS = YES;
				GCC_WARN_64_TO_32_BIT_CONVERSION = YES;
				GCC_WARN_ABOUT_RETURN_TYPE = YES_ERROR;
				GCC_WARN_UNDECLARED_SELECTOR = YES;
				GCC_WARN_UNINITIALIZED_AUTOS = YES_AGGRESSIVE;
				GCC_WARN_UNUSED_FUNCTION = YES;
				GCC_WARN_UNUSED_VARIABLE = YES;
				IPHONEOS_DEPLOYMENT_TARGET = 13.2;
				MTL_ENABLE_DEBUG_INFO = NO;
				MTL_FAST_MATH = YES;
				SDKROOT = iphoneos;
				SWIFT_COMPILATION_MODE = wholemodule;
				SWIFT_OPTIMIZATION_LEVEL = "-O";
				VALIDATE_PRODUCT = YES;
			};
			name = Release;
		};
		8D8756B6241F6625000DBA40 /* Debug */ = {
			isa = XCBuildConfiguration;
			buildSettings = {
				ASSETCATALOG_COMPILER_APPICON_NAME = AppIcon;
				CODE_SIGN_STYLE = Automatic;
				DEVELOPMENT_TEAM = F2VSE3YKKD;
				INFOPLIST_FILE = Handesk/Info.plist;
				LD_RUNPATH_SEARCH_PATHS = (
					"$(inherited)",
					"@executable_path/Frameworks",
				);
				PRODUCT_BUNDLE_IDENTIFIER = io.codepassion.Handesk;
				PRODUCT_NAME = "$(TARGET_NAME)";
				SWIFT_VERSION = 5.0;
				TARGETED_DEVICE_FAMILY = "1,2";
			};
			name = Debug;
		};
		8D8756B7241F6625000DBA40 /* Release */ = {
			isa = XCBuildConfiguration;
			buildSettings = {
				ASSETCATALOG_COMPILER_APPICON_NAME = AppIcon;
				CODE_SIGN_STYLE = Automatic;
				DEVELOPMENT_TEAM = F2VSE3YKKD;
				INFOPLIST_FILE = Handesk/Info.plist;
				LD_RUNPATH_SEARCH_PATHS = (
					"$(inherited)",
					"@executable_path/Frameworks",
				);
				PRODUCT_BUNDLE_IDENTIFIER = io.codepassion.Handesk;
				PRODUCT_NAME = "$(TARGET_NAME)";
				SWIFT_VERSION = 5.0;
				TARGETED_DEVICE_FAMILY = "1,2";
			};
			name = Release;
		};
		8D8756B9241F6625000DBA40 /* Debug */ = {
			isa = XCBuildConfiguration;
			buildSettings = {
				ALWAYS_EMBED_SWIFT_STANDARD_LIBRARIES = YES;
				BUNDLE_LOADER = "$(TEST_HOST)";
				CODE_SIGN_STYLE = Automatic;
				DEVELOPMENT_TEAM = F2VSE3YKKD;
				INFOPLIST_FILE = HandeskTests/Info.plist;
				IPHONEOS_DEPLOYMENT_TARGET = 13.2;
				LD_RUNPATH_SEARCH_PATHS = (
					"$(inherited)",
					"@executable_path/Frameworks",
					"@loader_path/Frameworks",
				);
				PRODUCT_BUNDLE_IDENTIFIER = io.codepassion.HandeskTests;
				PRODUCT_NAME = "$(TARGET_NAME)";
				SWIFT_VERSION = 5.0;
				TARGETED_DEVICE_FAMILY = "1,2";
				TEST_HOST = "$(BUILT_PRODUCTS_DIR)/Handesk.app/Handesk";
			};
			name = Debug;
		};
		8D8756BA241F6625000DBA40 /* Release */ = {
			isa = XCBuildConfiguration;
			buildSettings = {
				ALWAYS_EMBED_SWIFT_STANDARD_LIBRARIES = YES;
				BUNDLE_LOADER = "$(TEST_HOST)";
				CODE_SIGN_STYLE = Automatic;
				DEVELOPMENT_TEAM = F2VSE3YKKD;
				INFOPLIST_FILE = HandeskTests/Info.plist;
				IPHONEOS_DEPLOYMENT_TARGET = 13.2;
				LD_RUNPATH_SEARCH_PATHS = (
					"$(inherited)",
					"@executable_path/Frameworks",
					"@loader_path/Frameworks",
				);
				PRODUCT_BUNDLE_IDENTIFIER = io.codepassion.HandeskTests;
				PRODUCT_NAME = "$(TARGET_NAME)";
				SWIFT_VERSION = 5.0;
				TARGETED_DEVICE_FAMILY = "1,2";
				TEST_HOST = "$(BUILT_PRODUCTS_DIR)/Handesk.app/Handesk";
			};
			name = Release;
		};
/* End XCBuildConfiguration section */

/* Begin XCConfigurationList section */
		8D875691241F6621000DBA40 /* Build configuration list for PBXProject "Handesk" */ = {
			isa = XCConfigurationList;
			buildConfigurations = (
				8D8756B3241F6625000DBA40 /* Debug */,
				8D8756B4241F6625000DBA40 /* Release */,
			);
			defaultConfigurationIsVisible = 0;
			defaultConfigurationName = Release;
		};
		8D8756B5241F6625000DBA40 /* Build configuration list for PBXNativeTarget "Handesk" */ = {
			isa = XCConfigurationList;
			buildConfigurations = (
				8D8756B6241F6625000DBA40 /* Debug */,
				8D8756B7241F6625000DBA40 /* Release */,
			);
			defaultConfigurationIsVisible = 0;
			defaultConfigurationName = Release;
		};
		8D8756B8241F6625000DBA40 /* Build configuration list for PBXNativeTarget "HandeskTests" */ = {
			isa = XCConfigurationList;
			buildConfigurations = (
				8D8756B9241F6625000DBA40 /* Debug */,
				8D8756BA241F6625000DBA40 /* Release */,
			);
			defaultConfigurationIsVisible = 0;
			defaultConfigurationName = Release;
		};
/* End XCConfigurationList section */
	};
	rootObject = 8D87568E241F6621000DBA40 /* Project object */;
}
